<Solution>
  <Folder Name="/src/">
    <Project Path="OrderFlow.Api/OrderFlow.Api.csproj" />
    <Project Path="OrderFlow.Application/OrderFlow.Application.csproj" />
    <Project Path="OrderFlow.Domain/OrderFlow.Domain.csproj" />
    <Project Path="OrderFlow.Infra/OrderFlow.Infra.csproj" />
  </Folder>
</Solution>
